
Microsoft Visual Studio Solution File, Format Version 11.00
# Visual Studio 2010
Project("{FAE04EC0-301F-11D3-BF4B-00C04F79EFBC}") = "KinectPoseDemo", "KinectPoseDemo\KinectPoseDemo\KinectPoseDemo.csproj", "{D782F9E7-8623-4DF8-895F-345F51264E27}"
EndProject
Project("{96E2B04D-8817-42C6-938A-82C39BA4D311}") = "KinectPoseDemoContent", "KinectPoseDemo\KinectPoseDemoContent\KinectPoseDemoContent.contentproj", "{D083BF7D-566C-4460-88E1-0DA9FF0D51B6}"
EndProject
Global
	GlobalSection(SolutionConfigurationPlatforms) = preSolution
		Debug|x86 = Debug|x86
		Release|x86 = Release|x86
	EndGlobalSection
	GlobalSection(ProjectConfigurationPlatforms) = postSolution
		{D782F9E7-8623-4DF8-895F-345F51264E27}.Debug|x86.ActiveCfg = Debug|x86
		{D782F9E7-8623-4DF8-895F-345F51264E27}.Debug|x86.Build.0 = Debug|x86
		{D782F9E7-8623-4DF8-895F-345F51264E27}.Release|x86.ActiveCfg = Release|x86
		{D782F9E7-8623-4DF8-895F-345F51264E27}.Release|x86.Build.0 = Release|x86
		{D083BF7D-566C-4460-88E1-0DA9FF0D51B6}.Debug|x86.ActiveCfg = Debug|x86
		{D083BF7D-566C-4460-88E1-0DA9FF0D51B6}.Release|x86.ActiveCfg = Release|x86
	EndGlobalSection
	GlobalSection(SolutionProperties) = preSolution
		HideSolutionNode = FALSE
	EndGlobalSection
EndGlobal
